
Microsoft Visual Studio Solution File, Format Version 12.00
# Visual Studio Version 17
VisualStudioVersion = 17.0.31903.59
MinimumVisualStudioVersion = 10.0.40219.1
Project("{FAE04EC0-301F-11D3-BF4B-00C04F79EFBC}") = "HistDemoA", "HistDemoA.csproj", "{9D159EC5-EEA3-4FC2-9C49-B0AF87D76CA7}"
EndProject
Global
	GlobalSection(SolutionConfigurationPlatforms) = preSolution
		Debug|Any CPU = Debug|Any CPU
		Release|Any CPU = Release|Any CPU
	EndGlobalSection
	GlobalSection(ProjectConfigurationPlatforms) = postSolution
		{9D159EC5-EEA3-4FC2-9C49-B0AF87D76CA7}.Debug|Any CPU.ActiveCfg = Debug|Any CPU
		{9D159EC5-EEA3-4FC2-9C49-B0AF87D76CA7}.Debug|Any CPU.Build.0 = Debug|Any CPU
		{9D159EC5-EEA3-4FC2-9C49-B0AF87D76CA7}.Release|Any CPU.ActiveCfg = Release|Any CPU
		{9D159EC5-EEA3-4FC2-9C49-B0AF87D76CA7}.Release|Any CPU.Build.0 = Release|Any CPU
	EndGlobalSection
	GlobalSection(SolutionProperties) = preSolution
		HideSolutionNode = FALSE
	EndGlobalSection
	GlobalSection(ExtensibilityGlobals) = postSolution
		SolutionGuid = {6D8CFF72-8C6E-4003-B00C-09177A92AE4A}
	EndGlobalSection
EndGlobal
